# This file was autogenerated by Stack.
# You should not edit this file by hand.
# For more information, please see the documentation at:
#   https://docs.haskellstack.org/en/stable/lock_files

packages:
- completed:
    hackage: hakyll-4.14.0.0@sha256:28aab547aa94202d486328aa4bbcd02ecbefc4e5d42dfa15e8137b731a4f5d55,9059
    pantry-tree:
      size: 8272
      sha256: b5dff3f9f3c9bc32b154d8f5b30f88fc12f88a32dd7a10ac7f16584af5059b3f
  original:
    hackage: hakyll-4.14.0.0@sha256:28aab547aa94202d486328aa4bbcd02ecbefc4e5d42dfa15e8137b731a4f5d55,9059
- completed:
    hackage: hakyll-agda-0.1.12@sha256:5637cb275fb1d5899efcb12db1a81674a7c5ff30266043d0260db6ad08f1a190,1299
    pantry-tree:
      size: 214
      sha256: eef187c36e154422092d2cedf2a3d1b7bfa282f7c3652b623a04c74da0f23d18
  original:
    hackage: hakyll-agda-0.1.12@sha256:5637cb275fb1d5899efcb12db1a81674a7c5ff30266043d0260db6ad08f1a190,1299
snapshots:
- completed:
    size: 565266
    url: https://raw.githubusercontent.com/commercialhaskell/stackage-snapshots/master/lts/17/5.yaml
    sha256: 78e8ebabf11406261abbc95b44f240acf71802630b368888f6d758de7fc3a2f7
  original: lts-17.5
